
Microsoft Visual Studio Solution File, Format Version 12.00
# Visual Studio Version 17
VisualStudioVersion = 17.2.32526.322
MinimumVisualStudioVersion = 10.0.40219.1
Project("{FAE04EC0-301F-11D3-BF4B-00C04F79EFBC}") = "Benchmarks", "Benchmarks\Benchmarks.csproj", "{743F4257-65C6-43CD-8344-14984FC08EF6}"
EndProject
Global
	GlobalSection(SolutionConfigurationPlatforms) = preSolution
		Debug|Any CPU = Debug|Any CPU
		Release|Any CPU = Release|Any CPU
	EndGlobalSection
	GlobalSection(ProjectConfigurationPlatforms) = postSolution
		{743F4257-65C6-43CD-8344-14984FC08EF6}.Debug|Any CPU.ActiveCfg = Debug|Any CPU
		{743F4257-65C6-43CD-8344-14984FC08EF6}.Debug|Any CPU.Build.0 = Debug|Any CPU
		{743F4257-65C6-43CD-8344-14984FC08EF6}.Release|Any CPU.ActiveCfg = Release|Any CPU
		{743F4257-65C6-43CD-8344-14984FC08EF6}.Release|Any CPU.Build.0 = Release|Any CPU
	EndGlobalSection
	GlobalSection(SolutionProperties) = preSolution
		HideSolutionNode = FALSE
	EndGlobalSection
	GlobalSection(ExtensibilityGlobals) = postSolution
		SolutionGuid = {8249733E-C1A5-492D-ACD2-2F544F86162B}
	EndGlobalSection
EndGlobal
